PODS:
  - XTBLELogManager (1.0.4):
    - XTBLELogManager/BLELog (= 1.0.4)
    - XTComponentBLE
    - XTComponentUtils
  - XTBLELogManager/BLELog (1.0.4):
    - XTComponentBLE
    - XTComponentUtils
  - XTComponentBLE (1.1.1):
    - XTComponentBLE/BLE4 (= 1.1.1)
    - XTComponentBLE/Models (= 1.1.1)
  - XTComponentBLE/BLE4 (1.1.1):
    - XTComponentBLE/Models
  - XTComponentBLE/Models (1.1.1)
  - XTComponentSocket (1.0.6):
    - XTComponentSocket/LocalDependency (= 1.0.6)
    - XTComponentSocket/Socket (= 1.0.6)
  - XTComponentSocket/LocalDependency (1.0.6)
  - XTComponentSocket/Socket (1.0.6):
    - XTComponentSocket/LocalDependency
  - XTComponentUtils (1.2.2):
    - XTComponentUtils/LocalDependency (= 1.2.2)
    - XTComponentUtils/Models (= 1.2.2)
    - XTComponentUtils/XTUtils (= 1.2.2)
  - XTComponentUtils/LocalDependency (1.2.2)
  - XTComponentUtils/Models (1.2.2)
  - XTComponentUtils/XTUtils (1.2.2):
    - XTComponentUtils/LocalDependency
    - XTComponentUtils/Models

DEPENDENCIES:
  - XTBLELogManager
  - XTComponentBLE
  - XTComponentSocket
  - XTComponentUtils

SPEC REPOS:
  https://github.com/leblanc-zx/ZXSpecs.git:
    - XTBLELogManager
    - XTComponentBLE
    - XTComponentSocket
    - XTComponentUtils

SPEC CHECKSUMS:
  XTBLELogManager: 11d4cce0df071bdd8d34089eb3c4cdec48822cf3
  XTComponentBLE: 134a9480a7f7d69d8050d275479b22367726a37a
  XTComponentSocket: 9ac82a3a65131be7b46f1a9c8d7b7cf6b8394ad0
  XTComponentUtils: 780004bd808c1244c1f2dd2c37854575e3d18a4d

PODFILE CHECKSUM: a4289248d34749e9beb8b84b08a4e15e1d0b931b

COCOAPODS: 1.5.0
